{
  "originHash" : "56039ef4d4a98e769f02eb1e8b883559d43bfc9073c6e6040ae9924dd12b6211",
  "pins" : [
    {
      "identity" : "pulpoar-ios-sdk",
      "kind" : "remoteSourceControl",
      "location" : "https://github.com/pulpoar/pulpoar-ios-sdk",
      "state" : {
        "revision" : "04a56dd2f9046c5a373bb41a08282dc15820f5d0",
        "version" : "0.0.28"
      }
    }
  ],
  "version" : 3
}
